
Microsoft Visual Studio Solution File, Format Version 12.00
# Visual Studio 14
VisualStudioVersion = 14.0.23107.0
MinimumVisualStudioVersion = 10.0.40219.1
Project("{FAE04EC0-301F-11D3-BF4B-00C04F79EFBC}") = "ManageMyChild", "ManageMyChild\ManageMyChild.csproj", "{CB9D375F-246B-4C05-80CE-853D9FB83962}"
EndProject
Project("{FAE04EC0-301F-11D3-BF4B-00C04F79EFBC}") = "ManageMyChild.Tests", "ManageMyChild.Tests\ManageMyChild.Tests.csproj", "{E456AA42-3CA5-490A-8CA4-381B3C4D55EA}"
EndProject
Global
	GlobalSection(SolutionConfigurationPlatforms) = preSolution
		Debug|Any CPU = Debug|Any CPU
		Release|Any CPU = Release|Any CPU
	EndGlobalSection
	GlobalSection(ProjectConfigurationPlatforms) = postSolution
		{CB9D375F-246B-4C05-80CE-853D9FB83962}.Debug|Any CPU.ActiveCfg = Debug|Any CPU
		{CB9D375F-246B-4C05-80CE-853D9FB83962}.Debug|Any CPU.Build.0 = Debug|Any CPU
		{CB9D375F-246B-4C05-80CE-853D9FB83962}.Release|Any CPU.ActiveCfg = Release|Any CPU
		{CB9D375F-246B-4C05-80CE-853D9FB83962}.Release|Any CPU.Build.0 = Release|Any CPU
		{E456AA42-3CA5-490A-8CA4-381B3C4D55EA}.Debug|Any CPU.ActiveCfg = Debug|Any CPU
		{E456AA42-3CA5-490A-8CA4-381B3C4D55EA}.Debug|Any CPU.Build.0 = Debug|Any CPU
		{E456AA42-3CA5-490A-8CA4-381B3C4D55EA}.Release|Any CPU.ActiveCfg = Release|Any CPU
		{E456AA42-3CA5-490A-8CA4-381B3C4D55EA}.Release|Any CPU.Build.0 = Release|Any CPU
	EndGlobalSection
	GlobalSection(SolutionProperties) = preSolution
		HideSolutionNode = FALSE
	EndGlobalSection
	GlobalSection(TeamFoundationVersionControl) = preSolution
		SccNumberOfProjects = 3
		SccEnterpriseProvider = {4CA58AB2-18FA-4F8D-95D4-32DDF27D184C}
		SccTeamFoundationServer = https://cfrankln.visualstudio.com/
		SccLocalPath0 = .
		SccProjectUniqueName1 = ManageMyChild.Tests\\ManageMyChild.Tests.csproj
		SccProjectName1 = ManageMyChild.Tests
		SccLocalPath1 = ManageMyChild.Tests
		SccProjectUniqueName2 = ManageMyChild\\ManageMyChild.csproj
		SccProjectName2 = ManageMyChild
		SccLocalPath2 = ManageMyChild
	EndGlobalSection
EndGlobal
